// !$*UTF8*$!
{
	archiveVersion = 1;
	classes = {
	};
	objectVersion = 48;
	objects = {

/* Begin PBXBuildFile section */
		8FA681062181477200B8BC60 /* AppDelegate.m in Sources */ = {isa = PBXBuildFile; fileRef = 8FA681052181477200B8BC60 /* AppDelegate.m */; };
		8FA6810E2181477500B8BC60 /* Assets.xcassets in Resources */ = {isa = PBXBuildFile; fileRef = 8FA6810D2181477500B8BC60 /* Assets.xcassets */; };
		8FA681112181477500B8BC60 /* LaunchScreen.storyboard in Resources */ = {isa = PBXBuildFile; fileRef = 8FA6810F2181477500B8BC60 /* LaunchScreen.storyboard */; };
		8FA681142181477500B8BC60 /* main.m in Sources */ = {isa = PBXBuildFile; fileRef = 8FA681132181477500B8BC60 /* main.m */; };
		8FA6811E2181477500B8BC60 /* PageControlDemoTests.m in Sources */ = {isa = PBXBuildFile; fileRef = 8FA6811D2181477500B8BC60 /* PageControlDemoTests.m */; };
		8FA681292181477500B8BC60 /* PageControlDemoUITests.m in Sources */ = {isa = PBXBuildFile; fileRef = 8FA681282181477500B8BC60 /* PageControlDemoUITests.m */; };
		8FA681392181489100B8BC60 /* HomeViewController.m in Sources */ = {isa = PBXBuildFile; fileRef = 8FA681382181489100B8BC60 /* HomeViewController.m */; };
		8FA6813C2181491D00B8BC60 /* LgPageControlViewController.m in Sources */ = {isa = PBXBuildFile; fileRef = 8FA6813B2181491D00B8BC60 /* LgPageControlViewController.m */; };
		8FA6813F2181616B00B8BC60 /* LgPageView.m in Sources */ = {isa = PBXBuildFile; fileRef = 8FA6813E2181616B00B8BC60 /* LgPageView.m */; };
		8FDF5FE921829DD700D9A4A5 /* ASubVcViewController.m in Sources */ = {isa = PBXBuildFile; fileRef = 8FDF5FE821829DD700D9A4A5 /* ASubVcViewController.m */; };
		8FDF5FEC21829DF400D9A4A5 /* BSubVcViewController.m in Sources */ = {isa = PBXBuildFile; fileRef = 8FDF5FEB21829DF400D9A4A5 /* BSubVcViewController.m */; };
		8FE3FA8821C37AB7001CAF9D /* NSObject+LgObserver.m in Sources */ = {isa = PBXBuildFile; fileRef = 8FE3FA8721C37AB7001CAF9D /* NSObject+LgObserver.m */; };
		8FE3FA8921C37AB7001CAF9D /* NSObject+LgObserver.m in Sources */ = {isa = PBXBuildFile; fileRef = 8FE3FA8721C37AB7001CAF9D /* NSObject+LgObserver.m */; };
		8FE3FA8A21C37AB7001CAF9D /* NSObject+LgObserver.m in Sources */ = {isa = PBXBuildFile; fileRef = 8FE3FA8721C37AB7001CAF9D /* NSObject+LgObserver.m */; };
/* End PBXBuildFile section */

/* Begin PBXContainerItemProxy section */
		8FA6811A2181477500B8BC60 /* PBXContainerItemProxy */ = {
			isa = PBXContainerItemProxy;
			containerPortal = 8FA680F92181477200B8BC60 /* Project object */;
			proxyType = 1;
			remoteGlobalIDString = 8FA681002181477200B8BC60;
			remoteInfo = PageControlDemo;
		};
		8FA681252181477500B8BC60 /* PBXContainerItemProxy */ = {
			isa = PBXContainerItemProxy;
			containerPortal = 8FA680F92181477200B8BC60 /* Project object */;
			proxyType = 1;
			remoteGlobalIDString = 8FA681002181477200B8BC60;
			remoteInfo = PageControlDemo;
		};
/* End PBXContainerItemProxy section */

/* Begin PBXFileReference section */
		8FA681012181477200B8BC60 /* PageControlDemo.app */ = {isa = PBXFileReference; explicitFileType = wrapper.application; includeInIndex = 0; path = PageControlDemo.app; sourceTree = BUILT_PRODUCTS_DIR; };
		8FA681042181477200B8BC60 /* AppDelegate.h */ = {isa = PBXFileReference; lastKnownFileType = sourcecode.c.h; path = AppDelegate.h; sourceTree = "<group>"; };
		8FA681052181477200B8BC60 /* AppDelegate.m */ = {isa = PBXFileReference; lastKnownFileType = sourcecode.c.objc; path = AppDelegate.m; sourceTree = "<group>"; };
		8FA6810D2181477500B8BC60 /* Assets.xcassets */ = {isa = PBXFileReference; lastKnownFileType = folder.assetcatalog; path = Assets.xcassets; sourceTree = "<group>"; };
		8FA681102181477500B8BC60 /* Base */ = {isa = PBXFileReference; lastKnownFileType = file.storyboard; name = Base; path = Base.lproj/LaunchScreen.storyboard; sourceTree = "<group>"; };
		8FA681122181477500B8BC60 /* Info.plist */ = {isa = PBXFileReference; lastKnownFileType = text.plist.xml; path = Info.plist; sourceTree = "<group>"; };
		8FA681132181477500B8BC60 /* main.m */ = {isa = PBXFileReference; lastKnownFileType = sourcecode.c.objc; path = main.m; sourceTree = "<group>"; };
		8FA681192181477500B8BC60 /* PageControlDemoTests.xctest */ = {isa = PBXFileReference; explicitFileType = wrapper.cfbundle; includeInIndex = 0; path = PageControlDemoTests.xctest; sourceTree = BUILT_PRODUCTS_DIR; };
		8FA6811D2181477500B8BC60 /* PageControlDemoTests.m */ = {isa = PBXFileReference; lastKnownFileType = sourcecode.c.objc; path = PageControlDemoTests.m; sourceTree = "<group>"; };
		8FA6811F2181477500B8BC60 /* Info.plist */ = {isa = PBXFileReference; lastKnownFileType = text.plist.xml; path = Info.plist; sourceTree = "<group>"; };
		8FA681242181477500B8BC60 /* PageControlDemoUITests.xctest */ = {isa = PBXFileReference; explicitFileType = wrapper.cfbundle; includeInIndex = 0; path = PageControlDemoUITests.xctest; sourceTree = BUILT_PRODUCTS_DIR; };
		8FA681282181477500B8BC60 /* PageControlDemoUITests.m */ = {isa = PBXFileReference; lastKnownFileType = sourcecode.c.objc; path = PageControlDemoUITests.m; sourceTree = "<group>"; };
		8FA6812A2181477500B8BC60 /* Info.plist */ = {isa = PBXFileReference; lastKnownFileType = text.plist.xml; path = Info.plist; sourceTree = "<group>"; };
		8FA681372181489100B8BC60 /* HomeViewController.h */ = {isa = PBXFileReference; lastKnownFileType = sourcecode.c.h; path = HomeViewController.h; sourceTree = "<group>"; };
		8FA681382181489100B8BC60 /* HomeViewController.m */ = {isa = PBXFileReference; lastKnownFileType = sourcecode.c.objc; path = HomeViewController.m; sourceTree = "<group>"; };
		8FA6813A2181491D00B8BC60 /* LgPageControlViewController.h */ = {isa = PBXFileReference; lastKnownFileType = sourcecode.c.h; path = LgPageControlViewController.h; sourceTree = "<group>"; };
		8FA6813B2181491D00B8BC60 /* LgPageControlViewController.m */ = {isa = PBXFileReference; lastKnownFileType = sourcecode.c.objc; path = LgPageControlViewController.m; sourceTree = "<group>"; };
		8FA6813D2181616B00B8BC60 /* LgPageView.h */ = {isa = PBXFileReference; lastKnownFileType = sourcecode.c.h; path = LgPageView.h; sourceTree = "<group>"; };
		8FA6813E2181616B00B8BC60 /* LgPageView.m */ = {isa = PBXFileReference; lastKnownFileType = sourcecode.c.objc; path = LgPageView.m; sourceTree = "<group>"; };
		8FA681402181643300B8BC60 /* LgPageControlDelegate.h */ = {isa = PBXFileReference; lastKnownFileType = sourcecode.c.h; path = LgPageControlDelegate.h; sourceTree = "<group>"; };
		8FDF5FE721829DD700D9A4A5 /* ASubVcViewController.h */ = {isa = PBXFileReference; lastKnownFileType = sourcecode.c.h; path = ASubVcViewController.h; sourceTree = "<group>"; };
		8FDF5FE821829DD700D9A4A5 /* ASubVcViewController.m */ = {isa = PBXFileReference; lastKnownFileType = sourcecode.c.objc; path = ASubVcViewController.m; sourceTree = "<group>"; };
		8FDF5FEA21829DF400D9A4A5 /* BSubVcViewController.h */ = {isa = PBXFileReference; lastKnownFileType = sourcecode.c.h; path = BSubVcViewController.h; sourceTree = "<group>"; };
		8FDF5FEB21829DF400D9A4A5 /* BSubVcViewController.m */ = {isa = PBXFileReference; lastKnownFileType = sourcecode.c.objc; path = BSubVcViewController.m; sourceTree = "<group>"; };
		8FE3FA8621C37AB7001CAF9D /* NSObject+LgObserver.h */ = {isa = PBXFileReference; fileEncoding = 4; lastKnownFileType = sourcecode.c.h; path = "NSObject+LgObserver.h"; sourceTree = "<group>"; };
		8FE3FA8721C37AB7001CAF9D /* NSObject+LgObserver.m */ = {isa = PBXFileReference; fileEncoding = 4; lastKnownFileType = sourcecode.c.objc; path = "NSObject+LgObserver.m"; sourceTree = "<group>"; };
/* End PBXFileReference section */

/* Begin PBXFrameworksBuildPhase section */
		8FA680FE2181477200B8BC60 /* Frameworks */ = {
			isa = PBXFrameworksBuildPhase;
			buildActionMask = 2147483647;
			files = (
			);
			runOnlyForDeploymentPostprocessing = 0;
		};
		8FA681162181477500B8BC60 /* Frameworks */ = {
			isa = PBXFrameworksBuildPhase;
			buildActionMask = 2147483647;
			files = (
			);
			runOnlyForDeploymentPostprocessing = 0;
		};
		8FA681212181477500B8BC60 /* Frameworks */ = {
			isa = PBXFrameworksBuildPhase;
			buildActionMask = 2147483647;
			files = (
			);
			runOnlyForDeploymentPostprocessing = 0;
		};
/* End PBXFrameworksBuildPhase section */

/* Begin PBXGroup section */
		8FA680F82181477200B8BC60 = {
			isa = PBXGroup;
			children = (
				8FA681032181477200B8BC60 /* PageControlDemo */,
				8FA6811C2181477500B8BC60 /* PageControlDemoTests */,
				8FA681272181477500B8BC60 /* PageControlDemoUITests */,
				8FA681022181477200B8BC60 /* Products */,
			);
			sourceTree = "<group>";
		};
		8FA681022181477200B8BC60 /* Products */ = {
			isa = PBXGroup;
			children = (
				8FA681012181477200B8BC60 /* PageControlDemo.app */,
				8FA681192181477500B8BC60 /* PageControlDemoTests.xctest */,
				8FA681242181477500B8BC60 /* PageControlDemoUITests.xctest */,
			);
			name = Products;
			sourceTree = "<group>";
		};
		8FA681032181477200B8BC60 /* PageControlDemo */ = {
			isa = PBXGroup;
			children = (
				8FA681042181477200B8BC60 /* AppDelegate.h */,
				8FA681052181477200B8BC60 /* AppDelegate.m */,
				8FA681372181489100B8BC60 /* HomeViewController.h */,
				8FA681382181489100B8BC60 /* HomeViewController.m */,
				8FDF5FE721829DD700D9A4A5 /* ASubVcViewController.h */,
				8FDF5FE821829DD700D9A4A5 /* ASubVcViewController.m */,
				8FDF5FEA21829DF400D9A4A5 /* BSubVcViewController.h */,
				8FDF5FEB21829DF400D9A4A5 /* BSubVcViewController.m */,
				8FA681362181487200B8BC60 /* pageControlVc */,
				8FA6810D2181477500B8BC60 /* Assets.xcassets */,
				8FA6810F2181477500B8BC60 /* LaunchScreen.storyboard */,
				8FA681122181477500B8BC60 /* Info.plist */,
				8FA681132181477500B8BC60 /* main.m */,
			);
			path = PageControlDemo;
			sourceTree = "<group>";
		};
		8FA6811C2181477500B8BC60 /* PageControlDemoTests */ = {
			isa = PBXGroup;
			children = (
				8FA6811D2181477500B8BC60 /* PageControlDemoTests.m */,
				8FA6811F2181477500B8BC60 /* Info.plist */,
			);
			path = PageControlDemoTests;
			sourceTree = "<group>";
		};
		8FA681272181477500B8BC60 /* PageControlDemoUITests */ = {
			isa = PBXGroup;
			children = (
				8FA681282181477500B8BC60 /* PageControlDemoUITests.m */,
				8FA6812A2181477500B8BC60 /* Info.plist */,
			);
			path = PageControlDemoUITests;
			sourceTree = "<group>";
		};
		8FA681362181487200B8BC60 /* pageControlVc */ = {
			isa = PBXGroup;
			children = (
				8FE3FA8621C37AB7001CAF9D /* NSObject+LgObserver.h */,
				8FE3FA8721C37AB7001CAF9D /* NSObject+LgObserver.m */,
				8FA681402181643300B8BC60 /* LgPageControlDelegate.h */,
				8FA6813D2181616B00B8BC60 /* LgPageView.h */,
				8FA6813E2181616B00B8BC60 /* LgPageView.m */,
				8FA6813A2181491D00B8BC60 /* LgPageControlViewController.h */,
				8FA6813B2181491D00B8BC60 /* LgPageControlViewController.m */,
			);
			path = pageControlVc;
			sourceTree = "<group>";
		};
/* End PBXGroup section */

/* Begin PBXNativeTarget section */
		8FA681002181477200B8BC60 /* PageControlDemo */ = {
			isa = PBXNativeTarget;
			buildConfigurationList = 8FA6812D2181477500B8BC60 /* Build configuration list for PBXNativeTarget "PageControlDemo" */;
			buildPhases = (
				8FA680FD2181477200B8BC60 /* Sources */,
				8FA680FE2181477200B8BC60 /* Frameworks */,
				8FA680FF2181477200B8BC60 /* Resources */,
			);
			buildRules = (
			);
			dependencies = (
			);
			name = PageControlDemo;
			productName = PageControlDemo;
			productReference = 8FA681012181477200B8BC60 /* PageControlDemo.app */;
			productType = "com.apple.product-type.application";
		};
		8FA681182181477500B8BC60 /* PageControlDemoTests */ = {
			isa = PBXNativeTarget;
			buildConfigurationList = 8FA681302181477500B8BC60 /* Build configuration list for PBXNativeTarget "PageControlDemoTests" */;
			buildPhases = (
				8FA681152181477500B8BC60 /* Sources */,
				8FA681162181477500B8BC60 /* Frameworks */,
				8FA681172181477500B8BC60 /* Resources */,
			);
			buildRules = (
			);
			dependencies = (
				8FA6811B2181477500B8BC60 /* PBXTargetDependency */,
			);
			name = PageControlDemoTests;
			productName = PageControlDemoTests;
			productReference = 8FA681192181477500B8BC60 /* PageControlDemoTests.xctest */;
			productType = "com.apple.product-type.bundle.unit-test";
		};
		8FA681232181477500B8BC60 /* PageControlDemoUITests */ = {
			isa = PBXNativeTarget;
			buildConfigurationList = 8FA681332181477500B8BC60 /* Build configuration list for PBXNativeTarget "PageControlDemoUITests" */;
			buildPhases = (
				8FA681202181477500B8BC60 /* Sources */,
				8FA681212181477500B8BC60 /* Frameworks */,
				8FA681222181477500B8BC60 /* Resources */,
			);
			buildRules = (
			);
			dependencies = (
				8FA681262181477500B8BC60 /* PBXTargetDependency */,
			);
			name = PageControlDemoUITests;
			productName = PageControlDemoUITests;
			productReference = 8FA681242181477500B8BC60 /* PageControlDemoUITests.xctest */;
			productType = "com.apple.product-type.bundle.ui-testing";
		};
/* End PBXNativeTarget section */

/* Begin PBXProject section */
		8FA680F92181477200B8BC60 /* Project object */ = {
			isa = PBXProject;
			attributes = {
				LastUpgradeCheck = 1000;
				ORGANIZATIONNAME = "山舟网络";
				TargetAttributes = {
					8FA681002181477200B8BC60 = {
						CreatedOnToolsVersion = 10.0;
						ProvisioningStyle = Automatic;
					};
					8FA681182181477500B8BC60 = {
						CreatedOnToolsVersion = 10.0;
						ProvisioningStyle = Automatic;
						TestTargetID = 8FA681002181477200B8BC60;
					};
					8FA681232181477500B8BC60 = {
						CreatedOnToolsVersion = 10.0;
						ProvisioningStyle = Automatic;
						TestTargetID = 8FA681002181477200B8BC60;
					};
				};
			};
			buildConfigurationList = 8FA680FC2181477200B8BC60 /* Build configuration list for PBXProject "PageControlDemo" */;
			compatibilityVersion = "Xcode 8.0";
			developmentRegion = en;
			hasScannedForEncodings = 0;
			knownRegions = (
				en,
				Base,
			);
			mainGroup = 8FA680F82181477200B8BC60;
			productRefGroup = 8FA681022181477200B8BC60 /* Products */;
			projectDirPath = "";
			projectRoot = "";
			targets = (
				8FA681002181477200B8BC60 /* PageControlDemo */,
				8FA681182181477500B8BC60 /* PageControlDemoTests */,
				8FA681232181477500B8BC60 /* PageControlDemoUITests */,
			);
		};
/* End PBXProject section */

/* Begin PBXResourcesBuildPhase section */
		8FA680FF2181477200B8BC60 /* Resources */ = {
			isa = PBXResourcesBuildPhase;
			buildActionMask = 2147483647;
			files = (
				8FA681112181477500B8BC60 /* LaunchScreen.storyboard in Resources */,
				8FA6810E2181477500B8BC60 /* Assets.xcassets in Resources */,
			);
			runOnlyForDeploymentPostprocessing = 0;
		};
		8FA681172181477500B8BC60 /* Resources */ = {
			isa = PBXResourcesBuildPhase;
			buildActionMask = 2147483647;
			files = (
			);
			runOnlyForDeploymentPostprocessing = 0;
		};
		8FA681222181477500B8BC60 /* Resources */ = {
			isa = PBXResourcesBuildPhase;
			buildActionMask = 2147483647;
			files = (
			);
			runOnlyForDeploymentPostprocessing = 0;
		};
/* End PBXResourcesBuildPhase section */

/* Begin PBXSourcesBuildPhase section */
		8FA680FD2181477200B8BC60 /* Sources */ = {
			isa = PBXSourcesBuildPhase;
			buildActionMask = 2147483647;
			files = (
				8FA6813C2181491D00B8BC60 /* LgPageControlViewController.m in Sources */,
				8FDF5FEC21829DF400D9A4A5 /* BSubVcViewController.m in Sources */,
				8FA681142181477500B8BC60 /* main.m in Sources */,
				8FA681062181477200B8BC60 /* AppDelegate.m in Sources */,
				8FA6813F2181616B00B8BC60 /* LgPageView.m in Sources */,
				8FDF5FE921829DD700D9A4A5 /* ASubVcViewController.m in Sources */,
				8FE3FA8821C37AB7001CAF9D /* NSObject+LgObserver.m in Sources */,
				8FA681392181489100B8BC60 /* HomeViewController.m in Sources */,
			);
			runOnlyForDeploymentPostprocessing = 0;
		};
		8FA681152181477500B8BC60 /* Sources */ = {
			isa = PBXSourcesBuildPhase;
			buildActionMask = 2147483647;
			files = (
				8FE3FA8921C37AB7001CAF9D /* NSObject+LgObserver.m in Sources */,
				8FA6811E2181477500B8BC60 /* PageControlDemoTests.m in Sources */,
			);
			runOnlyForDeploymentPostprocessing = 0;
		};
		8FA681202181477500B8BC60 /* Sources */ = {
			isa = PBXSourcesBuildPhase;
			buildActionMask = 2147483647;
			files = (
				8FE3FA8A21C37AB7001CAF9D /* NSObject+LgObserver.m in Sources */,
				8FA681292181477500B8BC60 /* PageControlDemoUITests.m in Sources */,
			);
			runOnlyForDeploymentPostprocessing = 0;
		};
/* End PBXSourcesBuildPhase section */

/* Begin PBXTargetDependency section */
		8FA6811B2181477500B8BC60 /* PBXTargetDependency */ = {
			isa = PBXTargetDependency;
			target = 8FA681002181477200B8BC60 /* PageControlDemo */;
			targetProxy = 8FA6811A2181477500B8BC60 /* PBXContainerItemProxy */;
		};
		8FA681262181477500B8BC60 /* PBXTargetDependency */ = {
			isa = PBXTargetDependency;
			target = 8FA681002181477200B8BC60 /* PageControlDemo */;
			targetProxy = 8FA681252181477500B8BC60 /* PBXContainerItemProxy */;
		};
/* End PBXTargetDependency section */

/* Begin PBXVariantGroup section */
		8FA6810F2181477500B8BC60 /* LaunchScreen.storyboard */ = {
			isa = PBXVariantGroup;
			children = (
				8FA681102181477500B8BC60 /* Base */,
			);
			name = LaunchScreen.storyboard;
			sourceTree = "<group>";
		};
/* End PBXVariantGroup section */

/* Begin XCBuildConfiguration section */
		8FA6812B2181477500B8BC60 /* Debug */ = {
			isa = XCBuildConfiguration;
			buildSettings = {
				ALWAYS_SEARCH_USER_PATHS = NO;
				CLANG_ANALYZER_NONNULL = YES;
				CLANG_ANALYZER_NUMBER_OBJECT_CONVERSION = YES_AGGRESSIVE;
				CLANG_CXX_LANGUAGE_STANDARD = "gnu++14";
				CLANG_CXX_LIBRARY = "libc++";
				CLANG_ENABLE_MODULES = YES;
				CLANG_ENABLE_OBJC_ARC = YES;
				CLANG_ENABLE_OBJC_WEAK = YES;
				CLANG_WARN_BLOCK_CAPTURE_AUTORELEASING = YES;
				CLANG_WARN_BOOL_CONVERSION = YES;
				CLANG_WARN_COMMA = YES;
				CLANG_WARN_CONSTANT_CONVERSION = YES;
				CLANG_WARN_DEPRECATED_OBJC_IMPLEMENTATIONS = YES;
				CLANG_WARN_DIRECT_OBJC_ISA_USAGE = YES_ERROR;
				CLANG_WARN_DOCUMENTATION_COMMENTS = YES;
				CLANG_WARN_EMPTY_BODY = YES;
				CLANG_WARN_ENUM_CONVERSION = YES;
				CLANG_WARN_INFINITE_RECURSION = YES;
				CLANG_WARN_INT_CONVERSION = YES;
				CLANG_WARN_NON_LITERAL_NULL_CONVERSION = YES;
				CLANG_WARN_OBJC_IMPLICIT_RETAIN_SELF = YES;
				CLANG_WARN_OBJC_LITERAL_CONVERSION = YES;
				CLANG_WARN_OBJC_ROOT_CLASS = YES_ERROR;
				CLANG_WARN_RANGE_LOOP_ANALYSIS = YES;
				CLANG_WARN_STRICT_PROTOTYPES = YES;
				CLANG_WARN_SUSPICIOUS_MOVE = YES;
				CLANG_WARN_UNGUARDED_AVAILABILITY = YES_AGGRESSIVE;
				CLANG_WARN_UNREACHABLE_CODE = YES;
				CLANG_WARN__DUPLICATE_METHOD_MATCH = YES;
				CODE_SIGN_IDENTITY = "iPhone Developer";
				COPY_PHASE_STRIP = NO;
				DEBUG_INFORMATION_FORMAT = dwarf;
				ENABLE_STRICT_OBJC_MSGSEND = YES;
				ENABLE_TESTABILITY = YES;
				GCC_C_LANGUAGE_STANDARD = gnu11;
				GCC_DYNAMIC_NO_PIC = NO;
				GCC_NO_COMMON_BLOCKS = YES;
				GCC_OPTIMIZATION_LEVEL = 0;
				GCC_PREPROCESSOR_DEFINITIONS = (
					"DEBUG=1",
					"$(inherited)",
				);
				GCC_WARN_64_TO_32_BIT_CONVERSION = YES;
				GCC_WARN_ABOUT_RETURN_TYPE = YES_ERROR;
				GCC_WARN_UNDECLARED_SELECTOR = YES;
				GCC_WARN_UNINITIALIZED_AUTOS = YES_AGGRESSIVE;
				GCC_WARN_UNUSED_FUNCTION = YES;
				GCC_WARN_UNUSED_VARIABLE = YES;
				IPHONEOS_DEPLOYMENT_TARGET = 12.0;
				MTL_ENABLE_DEBUG_INFO = INCLUDE_SOURCE;
				MTL_FAST_MATH = YES;
				ONLY_ACTIVE_ARCH = YES;
				SDKROOT = iphoneos;
			};
			name = Debug;
		};
		8FA6812C2181477500B8BC60 /* Release */ = {
			isa = XCBuildConfiguration;
			buildSettings = {
				ALWAYS_SEARCH_USER_PATHS = NO;
				CLANG_ANALYZER_NONNULL = YES;
				CLANG_ANALYZER_NUMBER_OBJECT_CONVERSION = YES_AGGRESSIVE;
				CLANG_CXX_LANGUAGE_STANDARD = "gnu++14";
				CLANG_CXX_LIBRARY = "libc++";
				CLANG_ENABLE_MODULES = YES;
				CLANG_ENABLE_OBJC_ARC = YES;
				CLANG_ENABLE_OBJC_WEAK = YES;
				CLANG_WARN_BLOCK_CAPTURE_AUTORELEASING = YES;
				CLANG_WARN_BOOL_CONVERSION = YES;
				CLANG_WARN_COMMA = YES;
				CLANG_WARN_CONSTANT_CONVERSION = YES;
				CLANG_WARN_DEPRECATED_OBJC_IMPLEMENTATIONS = YES;
				CLANG_WARN_DIRECT_OBJC_ISA_USAGE = YES_ERROR;
				CLANG_WARN_DOCUMENTATION_COMMENTS = YES;
				CLANG_WARN_EMPTY_BODY = YES;
				CLANG_WARN_ENUM_CONVERSION = YES;
				CLANG_WARN_INFINITE_RECURSION = YES;
				CLANG_WARN_INT_CONVERSION = YES;
				CLANG_WARN_NON_LITERAL_NULL_CONVERSION = YES;
				CLANG_WARN_OBJC_IMPLICIT_RETAIN_SELF = YES;
				CLANG_WARN_OBJC_LITERAL_CONVERSION = YES;
				CLANG_WARN_OBJC_ROOT_CLASS = YES_ERROR;
				CLANG_WARN_RANGE_LOOP_ANALYSIS = YES;
				CLANG_WARN_STRICT_PROTOTYPES = YES;
				CLANG_WARN_SUSPICIOUS_MOVE = YES;
				CLANG_WARN_UNGUARDED_AVAILABILITY = YES_AGGRESSIVE;
				CLANG_WARN_UNREACHABLE_CODE = YES;
				CLANG_WARN__DUPLICATE_METHOD_MATCH = YES;
				CODE_SIGN_IDENTITY = "iPhone Developer";
				COPY_PHASE_STRIP = NO;
				DEBUG_INFORMATION_FORMAT = "dwarf-with-dsym";
				ENABLE_NS_ASSERTIONS = NO;
				ENABLE_STRICT_OBJC_MSGSEND = YES;
				GCC_C_LANGUAGE_STANDARD = gnu11;
				GCC_NO_COMMON_BLOCKS = YES;
				GCC_WARN_64_TO_32_BIT_CONVERSION = YES;
				GCC_WARN_ABOUT_RETURN_TYPE = YES_ERROR;
				GCC_WARN_UNDECLARED_SELECTOR = YES;
				GCC_WARN_UNINITIALIZED_AUTOS = YES_AGGRESSIVE;
				GCC_WARN_UNUSED_FUNCTION = YES;
				GCC_WARN_UNUSED_VARIABLE = YES;
				IPHONEOS_DEPLOYMENT_TARGET = 12.0;
				MTL_ENABLE_DEBUG_INFO = NO;
				MTL_FAST_MATH = YES;
				SDKROOT = iphoneos;
				VALIDATE_PRODUCT = YES;
			};
			name = Release;
		};
		8FA6812E2181477500B8BC60 /* Debug */ = {
			isa = XCBuildConfiguration;
			buildSettings = {
				ASSETCATALOG_COMPILER_APPICON_NAME = AppIcon;
				CODE_SIGN_STYLE = Automatic;
				DEVELOPMENT_TEAM = 4SR2P5NBA9;
				INFOPLIST_FILE = PageControlDemo/Info.plist;
				IPHONEOS_DEPLOYMENT_TARGET = 8.0;
				LD_RUNPATH_SEARCH_PATHS = "$(inherited) @executable_path/Frameworks";
				PRODUCT_BUNDLE_IDENTIFIER = LenSkey.com.PageControlDemo;
				PRODUCT_NAME = "$(TARGET_NAME)";
				TARGETED_DEVICE_FAMILY = 1;
			};
			name = Debug;
		};
		8FA6812F2181477500B8BC60 /* Release */ = {
			isa = XCBuildConfiguration;
			buildSettings = {
				ASSETCATALOG_COMPILER_APPICON_NAME = AppIcon;
				CODE_SIGN_STYLE = Automatic;
				DEVELOPMENT_TEAM = 4SR2P5NBA9;
				INFOPLIST_FILE = PageControlDemo/Info.plist;
				IPHONEOS_DEPLOYMENT_TARGET = 8.0;
				LD_RUNPATH_SEARCH_PATHS = "$(inherited) @executable_path/Frameworks";
				PRODUCT_BUNDLE_IDENTIFIER = LenSkey.com.PageControlDemo;
				PRODUCT_NAME = "$(TARGET_NAME)";
				TARGETED_DEVICE_FAMILY = 1;
			};
			name = Release;
		};
		8FA681312181477500B8BC60 /* Debug */ = {
			isa = XCBuildConfiguration;
			buildSettings = {
				BUNDLE_LOADER = "$(TEST_HOST)";
				CODE_SIGN_STYLE = Automatic;
				DEVELOPMENT_TEAM = 4SR2P5NBA9;
				INFOPLIST_FILE = PageControlDemoTests/Info.plist;
				LD_RUNPATH_SEARCH_PATHS = "$(inherited) @executable_path/Frameworks @loader_path/Frameworks";
				PRODUCT_BUNDLE_IDENTIFIER = LenSkey.com.PageControlDemoTests;
				PRODUCT_NAME = "$(TARGET_NAME)";
				TARGETED_DEVICE_FAMILY = "1,2";
				TEST_HOST = "$(BUILT_PRODUCTS_DIR)/PageControlDemo.app/PageControlDemo";
			};
			name = Debug;
		};
		8FA681322181477500B8BC60 /* Release */ = {
			isa = XCBuildConfiguration;
			buildSettings = {
				BUNDLE_LOADER = "$(TEST_HOST)";
				CODE_SIGN_STYLE = Automatic;
				DEVELOPMENT_TEAM = 4SR2P5NBA9;
				INFOPLIST_FILE = PageControlDemoTests/Info.plist;
				LD_RUNPATH_SEARCH_PATHS = "$(inherited) @executable_path/Frameworks @loader_path/Frameworks";
				PRODUCT_BUNDLE_IDENTIFIER = LenSkey.com.PageControlDemoTests;
				PRODUCT_NAME = "$(TARGET_NAME)";
				TARGETED_DEVICE_FAMILY = "1,2";
				TEST_HOST = "$(BUILT_PRODUCTS_DIR)/PageControlDemo.app/PageControlDemo";
			};
			name = Release;
		};
		8FA681342181477500B8BC60 /* Debug */ = {
			isa = XCBuildConfiguration;
			buildSettings = {
				CODE_SIGN_STYLE = Automatic;
				DEVELOPMENT_TEAM = 4SR2P5NBA9;
				INFOPLIST_FILE = PageControlDemoUITests/Info.plist;
				LD_RUNPATH_SEARCH_PATHS = "$(inherited) @executable_path/Frameworks @loader_path/Frameworks";
				PRODUCT_BUNDLE_IDENTIFIER = LenSkey.com.PageControlDemoUITests;
				PRODUCT_NAME = "$(TARGET_NAME)";
				TARGETED_DEVICE_FAMILY = "1,2";
				TEST_TARGET_NAME = PageControlDemo;
			};
			name = Debug;
		};
		8FA681352181477500B8BC60 /* Release */ = {
			isa = XCBuildConfiguration;
			buildSettings = {
				CODE_SIGN_STYLE = Automatic;
				DEVELOPMENT_TEAM = 4SR2P5NBA9;
				INFOPLIST_FILE = PageControlDemoUITests/Info.plist;
				LD_RUNPATH_SEARCH_PATHS = "$(inherited) @executable_path/Frameworks @loader_path/Frameworks";
				PRODUCT_BUNDLE_IDENTIFIER = LenSkey.com.PageControlDemoUITests;
				PRODUCT_NAME = "$(TARGET_NAME)";
				TARGETED_DEVICE_FAMILY = "1,2";
				TEST_TARGET_NAME = PageControlDemo;
			};
			name = Release;
		};
/* End XCBuildConfiguration section */

/* Begin XCConfigurationList section */
		8FA680FC2181477200B8BC60 /* Build configuration list for PBXProject "PageControlDemo" */ = {
			isa = XCConfigurationList;
			buildConfigurations = (
				8FA6812B2181477500B8BC60 /* Debug */,
				8FA6812C2181477500B8BC60 /* Release */,
			);
			defaultConfigurationIsVisible = 0;
			defaultConfigurationName = Release;
		};
		8FA6812D2181477500B8BC60 /* Build configuration list for PBXNativeTarget "PageControlDemo" */ = {
			isa = XCConfigurationList;
			buildConfigurations = (
				8FA6812E2181477500B8BC60 /* Debug */,
				8FA6812F2181477500B8BC60 /* Release */,
			);
			defaultConfigurationIsVisible = 0;
			defaultConfigurationName = Release;
		};
		8FA681302181477500B8BC60 /* Build configuration list for PBXNativeTarget "PageControlDemoTests" */ = {
			isa = XCConfigurationList;
			buildConfigurations = (
				8FA681312181477500B8BC60 /* Debug */,
				8FA681322181477500B8BC60 /* Release */,
			);
			defaultConfigurationIsVisible = 0;
			defaultConfigurationName = Release;
		};
		8FA681332181477500B8BC60 /* Build configuration list for PBXNativeTarget "PageControlDemoUITests" */ = {
			isa = XCConfigurationList;
			buildConfigurations = (
				8FA681342181477500B8BC60 /* Debug */,
				8FA681352181477500B8BC60 /* Release */,
			);
			defaultConfigurationIsVisible = 0;
			defaultConfigurationName = Release;
		};
/* End XCConfigurationList section */
	};
	rootObject = 8FA680F92181477200B8BC60 /* Project object */;
}
